
Microsoft Visual Studio Solution File, Format Version 12.00
# Visual Studio Version 17
VisualStudioVersion = 17.0.32112.339
MinimumVisualStudioVersion = 10.0.40219.1
Project("{9A19103F-16F7-4668-BE54-9A1E7A4F7556}") = "APIGateway", "APIGateway\APIGateway.csproj", "{CCDD6D8F-1A03-457C-B681-70A0DCF007BE}"
EndProject
Project("{2150E333-8FDC-42A3-9474-1A3956D46DE8}") = "Services", "Services", "{865BD9C7-3E3F-4C7D-B2CD-FBC644DADBAE}"
EndProject
Project("{9A19103F-16F7-4668-BE54-9A1E7A4F7556}") = "Contact.API", "Contact.API\Contact.API.csproj", "{1CE6E97A-F9E0-4D19-A3B2-582CDA150175}"
EndProject
Project("{9A19103F-16F7-4668-BE54-9A1E7A4F7556}") = "Reservation.API", "Reservation.API\Reservation.API.csproj", "{4A51D9FD-48C3-48C8-89CE-771141027DAA}"
EndProject
Project("{2150E333-8FDC-42A3-9474-1A3956D46DE8}") = "ContactAPI", "ContactAPI", "{F86B24AF-AFE9-4E19-ACD5-C42EF015B7B8}"
EndProject
Project("{2150E333-8FDC-42A3-9474-1A3956D46DE8}") = "ReservationAPI", "ReservationAPI", "{CD0E16E2-01A3-410B-BC10-89694CC570C6}"
EndProject
Project("{9A19103F-16F7-4668-BE54-9A1E7A4F7556}") = "Contact.DataAccess", "Contact.Infastructure\Contact.DataAccess.csproj", "{EFB9484A-6FA5-4FEA-A88F-95C0D30602F4}"
EndProject
Project("{9A19103F-16F7-4668-BE54-9A1E7A4F7556}") = "Reservation.Business", "Reservation.Infastructure\Reservation.Business.csproj", "{EE43180C-5028-48ED-83A7-6E866D080FC3}"
EndProject
Project("{9A19103F-16F7-4668-BE54-9A1E7A4F7556}") = "Contact.Models", "Contact.Models\Contact.Models.csproj", "{4243C86F-0664-4A98-A6BA-C37A7E5C20DF}"
EndProject
Project("{9A19103F-16F7-4668-BE54-9A1E7A4F7556}") = "Contact.Business", "Contact.Business\Contact.Business.csproj", "{7369B880-B80E-4BDE-8540-9607C33D3A40}"
EndProject
Project("{9A19103F-16F7-4668-BE54-9A1E7A4F7556}") = "Reservation.DataAccess", "Reserviaton.DataAccess\Reservation.DataAccess.csproj", "{376C2A9A-BE99-436A-96E2-CCE6E53F66BC}"
EndProject
Project("{9A19103F-16F7-4668-BE54-9A1E7A4F7556}") = "Reservation.Models", "Reserviaton.Models\Reservation.Models.csproj", "{326B47C6-D58C-4C0B-B177-AE78D46F486C}"
EndProject
Global
	GlobalSection(SolutionConfigurationPlatforms) = preSolution
		Debug|Any CPU = Debug|Any CPU
		Release|Any CPU = Release|Any CPU
	EndGlobalSection
	GlobalSection(ProjectConfigurationPlatforms) = postSolution
		{CCDD6D8F-1A03-457C-B681-70A0DCF007BE}.Debug|Any CPU.ActiveCfg = Debug|Any CPU
		{CCDD6D8F-1A03-457C-B681-70A0DCF007BE}.Debug|Any CPU.Build.0 = Debug|Any CPU
		{CCDD6D8F-1A03-457C-B681-70A0DCF007BE}.Release|Any CPU.ActiveCfg = Release|Any CPU
		{CCDD6D8F-1A03-457C-B681-70A0DCF007BE}.Release|Any CPU.Build.0 = Release|Any CPU
		{1CE6E97A-F9E0-4D19-A3B2-582CDA150175}.Debug|Any CPU.ActiveCfg = Debug|Any CPU
		{1CE6E97A-F9E0-4D19-A3B2-582CDA150175}.Debug|Any CPU.Build.0 = Debug|Any CPU
		{1CE6E97A-F9E0-4D19-A3B2-582CDA150175}.Release|Any CPU.ActiveCfg = Release|Any CPU
		{1CE6E97A-F9E0-4D19-A3B2-582CDA150175}.Release|Any CPU.Build.0 = Release|Any CPU
		{4A51D9FD-48C3-48C8-89CE-771141027DAA}.Debug|Any CPU.ActiveCfg = Debug|Any CPU
		{4A51D9FD-48C3-48C8-89CE-771141027DAA}.Debug|Any CPU.Build.0 = Debug|Any CPU
		{4A51D9FD-48C3-48C8-89CE-771141027DAA}.Release|Any CPU.ActiveCfg = Release|Any CPU
		{4A51D9FD-48C3-48C8-89CE-771141027DAA}.Release|Any CPU.Build.0 = Release|Any CPU
		{EFB9484A-6FA5-4FEA-A88F-95C0D30602F4}.Debug|Any CPU.ActiveCfg = Debug|Any CPU
		{EFB9484A-6FA5-4FEA-A88F-95C0D30602F4}.Debug|Any CPU.Build.0 = Debug|Any CPU
		{EFB9484A-6FA5-4FEA-A88F-95C0D30602F4}.Release|Any CPU.ActiveCfg = Release|Any CPU
		{EFB9484A-6FA5-4FEA-A88F-95C0D30602F4}.Release|Any CPU.Build.0 = Release|Any CPU
		{EE43180C-5028-48ED-83A7-6E866D080FC3}.Debug|Any CPU.ActiveCfg = Debug|Any CPU
		{EE43180C-5028-48ED-83A7-6E866D080FC3}.Debug|Any CPU.Build.0 = Debug|Any CPU
		{EE43180C-5028-48ED-83A7-6E866D080FC3}.Release|Any CPU.ActiveCfg = Release|Any CPU
		{EE43180C-5028-48ED-83A7-6E866D080FC3}.Release|Any CPU.Build.0 = Release|Any CPU
		{4243C86F-0664-4A98-A6BA-C37A7E5C20DF}.Debug|Any CPU.ActiveCfg = Debug|Any CPU
		{4243C86F-0664-4A98-A6BA-C37A7E5C20DF}.Debug|Any CPU.Build.0 = Debug|Any CPU
		{4243C86F-0664-4A98-A6BA-C37A7E5C20DF}.Release|Any CPU.ActiveCfg = Release|Any CPU
		{4243C86F-0664-4A98-A6BA-C37A7E5C20DF}.Release|Any CPU.Build.0 = Release|Any CPU
		{7369B880-B80E-4BDE-8540-9607C33D3A40}.Debug|Any CPU.ActiveCfg = Debug|Any CPU
		{7369B880-B80E-4BDE-8540-9607C33D3A40}.Debug|Any CPU.Build.0 = Debug|Any CPU
		{7369B880-B80E-4BDE-8540-9607C33D3A40}.Release|Any CPU.ActiveCfg = Release|Any CPU
		{7369B880-B80E-4BDE-8540-9607C33D3A40}.Release|Any CPU.Build.0 = Release|Any CPU
		{376C2A9A-BE99-436A-96E2-CCE6E53F66BC}.Debug|Any CPU.ActiveCfg = Debug|Any CPU
		{376C2A9A-BE99-436A-96E2-CCE6E53F66BC}.Debug|Any CPU.Build.0 = Debug|Any CPU
		{376C2A9A-BE99-436A-96E2-CCE6E53F66BC}.Release|Any CPU.ActiveCfg = Release|Any CPU
		{376C2A9A-BE99-436A-96E2-CCE6E53F66BC}.Release|Any CPU.Build.0 = Release|Any CPU
		{326B47C6-D58C-4C0B-B177-AE78D46F486C}.Debug|Any CPU.ActiveCfg = Debug|Any CPU
		{326B47C6-D58C-4C0B-B177-AE78D46F486C}.Debug|Any CPU.Build.0 = Debug|Any CPU
		{326B47C6-D58C-4C0B-B177-AE78D46F486C}.Release|Any CPU.ActiveCfg = Release|Any CPU
		{326B47C6-D58C-4C0B-B177-AE78D46F486C}.Release|Any CPU.Build.0 = Release|Any CPU
	EndGlobalSection
	GlobalSection(SolutionProperties) = preSolution
		HideSolutionNode = FALSE
	EndGlobalSection
	GlobalSection(NestedProjects) = preSolution
		{1CE6E97A-F9E0-4D19-A3B2-582CDA150175} = {F86B24AF-AFE9-4E19-ACD5-C42EF015B7B8}
		{4A51D9FD-48C3-48C8-89CE-771141027DAA} = {CD0E16E2-01A3-410B-BC10-89694CC570C6}
		{F86B24AF-AFE9-4E19-ACD5-C42EF015B7B8} = {865BD9C7-3E3F-4C7D-B2CD-FBC644DADBAE}
		{CD0E16E2-01A3-410B-BC10-89694CC570C6} = {865BD9C7-3E3F-4C7D-B2CD-FBC644DADBAE}
		{EFB9484A-6FA5-4FEA-A88F-95C0D30602F4} = {F86B24AF-AFE9-4E19-ACD5-C42EF015B7B8}
		{EE43180C-5028-48ED-83A7-6E866D080FC3} = {CD0E16E2-01A3-410B-BC10-89694CC570C6}
		{4243C86F-0664-4A98-A6BA-C37A7E5C20DF} = {F86B24AF-AFE9-4E19-ACD5-C42EF015B7B8}
		{7369B880-B80E-4BDE-8540-9607C33D3A40} = {F86B24AF-AFE9-4E19-ACD5-C42EF015B7B8}
		{376C2A9A-BE99-436A-96E2-CCE6E53F66BC} = {CD0E16E2-01A3-410B-BC10-89694CC570C6}
		{326B47C6-D58C-4C0B-B177-AE78D46F486C} = {CD0E16E2-01A3-410B-BC10-89694CC570C6}
	EndGlobalSection
	GlobalSection(ExtensibilityGlobals) = postSolution
		SolutionGuid = {97055D02-DF73-4C23-883F-3C3F70F04697}
	EndGlobalSection
EndGlobal
